
Microsoft Visual Studio Solution File, Format Version 12.00
# Visual Studio Version 16
VisualStudioVersion = 16.0.31624.102
MinimumVisualStudioVersion = 10.0.40219.1
Project("{FAE04EC0-301F-11D3-BF4B-00C04F79EFBC}") = "BD", "BD\BD.csproj", "{4CE842C3-174F-4221-B847-1151BDA315D8}"
EndProject
Global
	GlobalSection(SolutionConfigurationPlatforms) = preSolution
		Debug|Any CPU = Debug|Any CPU
		Release|Any CPU = Release|Any CPU
	EndGlobalSection
	GlobalSection(ProjectConfigurationPlatforms) = postSolution
		{4CE842C3-174F-4221-B847-1151BDA315D8}.Debug|Any CPU.ActiveCfg = Debug|Any CPU
		{4CE842C3-174F-4221-B847-1151BDA315D8}.Debug|Any CPU.Build.0 = Debug|Any CPU
		{4CE842C3-174F-4221-B847-1151BDA315D8}.Release|Any CPU.ActiveCfg = Release|Any CPU
		{4CE842C3-174F-4221-B847-1151BDA315D8}.Release|Any CPU.Build.0 = Release|Any CPU
	EndGlobalSection
	GlobalSection(SolutionProperties) = preSolution
		HideSolutionNode = FALSE
	EndGlobalSection
	GlobalSection(ExtensibilityGlobals) = postSolution
		SolutionGuid = {803C805A-2322-4136-9F15-3C8E61A3972A}
	EndGlobalSection
EndGlobal
